{
  "nodes": {
    "nixpkgs": {
      "locked": {
        "lastModified": 1721668471,
        "narHash": "sha256-E0mKoLlknvaeYNJ1LEfERrzLW6ZDlGBbtm8KETKhkhA=",
        "owner": "nixos",
        "repo": "nixpkgs",
        "rev": "b9de2b60d0486038b5a028196c4d821474054793",
        "type": "github"
      },
      "original": {
        "owner": "nixos",
        "ref": "release-24.05",
        "repo": "nixpkgs",
        "type": "github"
      }
    },
    "root": {
      "inputs": {
        "nixpkgs": "nixpkgs"
      }
    }
  },
  "root": "root",
  "version": 7
}
