{
  "nodes": {
    "nixpkgs": {
      "locked": {
        "lastModified": 1721665931,
        "narHash": "sha256-dedDLFREwgVZ6xXsIGPZ9XvRU5ncn5XFOyZXzCeBSPk=",
        "owner": "nixos",
        "repo": "nixpkgs",
        "rev": "a6de15650ccd52e749696e7324b19611a32b0aa1",
        "type": "github"
      },
      "original": {
        "owner": "nixos",
        "ref": "release-24.05",
        "repo": "nixpkgs",
        "type": "github"
      }
    },
    "root": {
      "inputs": {
        "nixpkgs": "nixpkgs"
      }
    }
  },
  "root": "root",
  "version": 7
}
