{
  "nodes": {
    "nixpkgs": {
      "locked": {
        "lastModified": 1721678731,
        "narHash": "sha256-gKae1R+SzKloXbaoG1cYOx+cOagoW3CIzx7OESGM+EE=",
        "owner": "nixos",
        "repo": "nixpkgs",
        "rev": "47311fc07639d1b0fe0c764643627f9cc10235b1",
        "type": "github"
      },
      "original": {
        "owner": "nixos",
        "ref": "release-24.05",
        "repo": "nixpkgs",
        "type": "github"
      }
    },
    "root": {
      "inputs": {
        "nixpkgs": "nixpkgs"
      }
    }
  },
  "root": "root",
  "version": 7
}
